// !$*UTF8*$!
{
	archiveVersion = 1;
	classes = {
	};
	objectVersion = 110;
	objects = {

/* Begin PBXBuildFile section */
		28AA1A7130713DB70055CD8C /* Swinject in Frameworks */ = {isa = PBXBuildFile; productRef = 28AA1A7030713DB70055CD8C /* Swinject */; };
/* End PBXBuildFile section */

/* Begin PBXContainerItemProxy section */
		28AA1A5230713DB70055CD8C /* PBXContainerItemProxy */ = {
			isa = PBXContainerItemProxy;
			containerPortal = 28AA1A3C30713DB60055CD8C /* Project object */;
			proxyType = 1;
			remoteGlobalIDString = 28AA1A4330713DB60055CD8C;
			remoteInfo = Jejak;
		};
		28AA1A5C30713DB70055CD8C /* PBXContainerItemProxy */ = {
			isa = PBXContainerItemProxy;
			containerPortal = 28AA1A3C30713DB60055CD8C /* Project object */;
			proxyType = 1;
			remoteGlobalIDString = 28AA1A4330713DB60055CD8C;
			remoteInfo = Jejak;
		};
/* End PBXContainerItemProxy section */

/* Begin PBXFileReference section */
		28AA1A4430713DB60055CD8C /* Jejak.app */ = {isa = PBXFileReference; explicitFileType = wrapper.application; includeInIndex = 0; path = Jejak.app; sourceTree = BUILT_PRODUCTS_DIR; };
		28AA1A5130713DB70055CD8C /* JejakTests.xctest */ = {isa = PBXFileReference; explicitFileType = wrapper.cfbundle; includeInIndex = 0; path = JejakTests.xctest; sourceTree = BUILT_PRODUCTS_DIR; };
		28AA1A5B30713DB70055CD8C /* JejakUITests.xctest */ = {isa = PBXFileReference; explicitFileType = wrapper.cfbundle; includeInIndex = 0; path = JejakUITests.xctest; sourceTree = BUILT_PRODUCTS_DIR; };
/* End PBXFileReference section */

/* Begin PBXFileSystemSynchronizedBuildFileExceptionSet section */
		28AA1A7330713DB70055CD8C /* Exceptions for "Jejak" folder in "Jejak" target */ = {
			isa = PBXFileSystemSynchronizedBuildFileExceptionSet;
			membershipExceptions = (
				Core/Network/.gitkeep,
				Features/Counter/Data/DataSources/.gitkeep,
				Features/Counter/Data/Models/.gitkeep,
				Features/Counter/Data/Services/.gitkeep,
				Features/Counter/Presentation/Components/.gitkeep,
				Info.plist,
			);
			target = 28AA1A4330713DB60055CD8C /* Jejak */;
		};
/* End PBXFileSystemSynchronizedBuildFileExceptionSet section */

/* Begin PBXFileSystemSynchronizedRootGroup section */
		28AA1A4630713DB60055CD8C /* Jejak */ = {
			isa = PBXFileSystemSynchronizedRootGroup;
			exceptions = (
				28AA1A7330713DB70055CD8C /* Exceptions for "Jejak" folder in "Jejak" target */,
			);
			path = Jejak;
			sourceTree = "<group>";
		};
		28AA1A5430713DB70055CD8C /* JejakTests */ = {
			isa = PBXFileSystemSynchronizedRootGroup;
			path = JejakTests;
			sourceTree = "<group>";
		};
		28AA1A5E30713DB70055CD8C /* JejakUITests */ = {
			isa = PBXFileSystemSynchronizedRootGroup;
			path = JejakUITests;
			sourceTree = "<group>";
		};
/* End PBXFileSystemSynchronizedRootGroup section */

/* Begin PBXFrameworksBuildPhase section */
		28AA1A4130713DB60055CD8C /* Frameworks */ = {
			isa = PBXFrameworksBuildPhase;
			files = (
				28AA1A7130713DB70055CD8C /* Swinject in Frameworks */,
			);
		};
		28AA1A4E30713DB70055CD8C /* Frameworks */ = {
			isa = PBXFrameworksBuildPhase;
			files = (
			);
		};
		28AA1A5830713DB70055CD8C /* Frameworks */ = {
			isa = PBXFrameworksBuildPhase;
			files = (
			);
		};
/* End PBXFrameworksBuildPhase section */

/* Begin PBXGroup section */
		28AA1A3B30713DB60055CD8C = {
			isa = PBXGroup;
			children = (
				28AA1A4630713DB60055CD8C /* Jejak */,
				28AA1A5430713DB70055CD8C /* JejakTests */,
				28AA1A5E30713DB70055CD8C /* JejakUITests */,
				28AA1A4530713DB60055CD8C /* Products */,
			);
			sourceTree = "<group>";
		};
		28AA1A4530713DB60055CD8C /* Products */ = {
			isa = PBXGroup;
			children = (
				28AA1A4430713DB60055CD8C /* Jejak.app */,
				28AA1A5130713DB70055CD8C /* JejakTests.xctest */,
				28AA1A5B30713DB70055CD8C /* JejakUITests.xctest */,
			);
			name = Products;
			sourceTree = "<group>";
		};
/* End PBXGroup section */

/* Begin PBXNativeTarget section */
		28AA1A4330713DB60055CD8C /* Jejak */ = {
			isa = PBXNativeTarget;
			buildConfigurationList = 28AA1A6330713DB70055CD8C /* Build configuration list for PBXNativeTarget "Jejak" */;
			buildPhases = (
				28AA1A4030713DB60055CD8C /* Sources */,
				28AA1A4130713DB60055CD8C /* Frameworks */,
				28AA1A4230713DB60055CD8C /* Resources */,
			);
			buildRules = (
			);
			fileSystemSynchronizedGroups = (
				28AA1A4630713DB60055CD8C /* Jejak */,
			);
			name = Jejak;
			packageProductDependencies = (
				28AA1A7030713DB70055CD8C /* Swinject */,
			);
			productName = Jejak;
			productReference = 28AA1A4430713DB60055CD8C /* Jejak.app */;
			productType = "com.apple.product-type.application";
		};
		28AA1A5030713DB70055CD8C /* JejakTests */ = {
			isa = PBXNativeTarget;
			buildConfigurationList = 28AA1A6630713DB70055CD8C /* Build configuration list for PBXNativeTarget "JejakTests" */;
			buildPhases = (
				28AA1A4D30713DB70055CD8C /* Sources */,
				28AA1A4E30713DB70055CD8C /* Frameworks */,
				28AA1A4F30713DB70055CD8C /* Resources */,
			);
			buildRules = (
			);
			dependencies = (
				28AA1A5330713DB70055CD8C /* PBXTargetDependency */,
			);
			fileSystemSynchronizedGroups = (
				28AA1A5430713DB70055CD8C /* JejakTests */,
			);
			name = JejakTests;
			productName = JejakTests;
			productReference = 28AA1A5130713DB70055CD8C /* JejakTests.xctest */;
			productType = "com.apple.product-type.bundle.unit-test";
		};
		28AA1A5A30713DB70055CD8C /* JejakUITests */ = {
			isa = PBXNativeTarget;
			buildConfigurationList = 28AA1A6930713DB70055CD8C /* Build configuration list for PBXNativeTarget "JejakUITests" */;
			buildPhases = (
				28AA1A5730713DB70055CD8C /* Sources */,
				28AA1A5830713DB70055CD8C /* Frameworks */,
				28AA1A5930713DB70055CD8C /* Resources */,
			);
			buildRules = (
			);
			dependencies = (
				28AA1A5D30713DB70055CD8C /* PBXTargetDependency */,
			);
			fileSystemSynchronizedGroups = (
				28AA1A5E30713DB70055CD8C /* JejakUITests */,
			);
			name = JejakUITests;
			productName = JejakUITests;
			productReference = 28AA1A5B30713DB70055CD8C /* JejakUITests.xctest */;
			productType = "com.apple.product-type.bundle.ui-testing";
		};
/* End PBXNativeTarget section */

/* Begin PBXProject section */
		28AA1A3C30713DB60055CD8C /* Project object */ = {
			isa = PBXProject;
			attributes = {
				BuildIndependentTargetsInParallel = 1;
				LastSwiftUpdateCheck = 2700;
				LastUpgradeCheck = 2700;
				TargetAttributes = {
					28AA1A4330713DB60055CD8C = {
						CreatedOnToolsVersion = 27.0;
					};
					28AA1A5030713DB70055CD8C = {
						CreatedOnToolsVersion = 27.0;
						TestTargetID = 28AA1A4330713DB60055CD8C;
					};
					28AA1A5A30713DB70055CD8C = {
						CreatedOnToolsVersion = 27.0;
						TestTargetID = 28AA1A4330713DB60055CD8C;
					};
				};
			};
			buildConfigurationList = 28AA1A3F30713DB60055CD8C /* Build configuration list for PBXProject "Jejak" */;
			developmentRegion = en;
			hasScannedForEncodings = 0;
			knownRegions = (
				en,
				id,
				Base,
			);
			mainGroup = 28AA1A3B30713DB60055CD8C;
			minimizedProjectReferenceProxies = 1;
			packageReferences = (
				28AA1A6F30713DB70055CD8C /* XCRemoteSwiftPackageReference "Swinject" */,
			);
			preferredProjectObjectVersion = 77;
			productRefGroup = 28AA1A4530713DB60055CD8C /* Products */;
			projectDirPath = "";
			projectRoot = "";
			targets = (
				28AA1A4330713DB60055CD8C /* Jejak */,
				28AA1A5030713DB70055CD8C /* JejakTests */,
				28AA1A5A30713DB70055CD8C /* JejakUITests */,
			);
		};
/* End PBXProject section */

/* Begin PBXResourcesBuildPhase section */
		28AA1A4230713DB60055CD8C /* Resources */ = {
			isa = PBXResourcesBuildPhase;
			files = (
			);
		};
		28AA1A4F30713DB70055CD8C /* Resources */ = {
			isa = PBXResourcesBuildPhase;
			files = (
			);
		};
		28AA1A5930713DB70055CD8C /* Resources */ = {
			isa = PBXResourcesBuildPhase;
			files = (
			);
		};
/* End PBXResourcesBuildPhase section */

/* Begin PBXSourcesBuildPhase section */
		28AA1A4030713DB60055CD8C /* Sources */ = {
			isa = PBXSourcesBuildPhase;
			files = (
			);
		};
		28AA1A4D30713DB70055CD8C /* Sources */ = {
			isa = PBXSourcesBuildPhase;
			files = (
			);
		};
		28AA1A5730713DB70055CD8C /* Sources */ = {
			isa = PBXSourcesBuildPhase;
			files = (
			);
		};
/* End PBXSourcesBuildPhase section */

/* Begin PBXTargetDependency section */
		28AA1A5330713DB70055CD8C /* PBXTargetDependency */ = {
			isa = PBXTargetDependency;
			target = 28AA1A4330713DB60055CD8C /* Jejak */;
			targetProxy = 28AA1A5230713DB70055CD8C /* PBXContainerItemProxy */;
		};
		28AA1A5D30713DB70055CD8C /* PBXTargetDependency */ = {
			isa = PBXTargetDependency;
			target = 28AA1A4330713DB60055CD8C /* Jejak */;
			targetProxy = 28AA1A5C30713DB70055CD8C /* PBXContainerItemProxy */;
		};
/* End PBXTargetDependency section */

/* Begin XCBuildConfiguration section */
		28AA1A6130713DB70055CD8C /* Debug configuration for PBXProject "Jejak" */ = {
			isa = XCBuildConfiguration;
			buildSettings = {
				ALWAYS_SEARCH_USER_PATHS = NO;
				ASSETCATALOG_COMPILER_GENERATE_SWIFT_ASSET_SYMBOL_EXTENSIONS = YES;
				CLANG_ANALYZER_NONNULL = YES;
				CLANG_ANALYZER_NUMBER_OBJECT_CONVERSION = YES_AGGRESSIVE;
				CLANG_CXX_LANGUAGE_STANDARD = "gnu++20";
				CLANG_ENABLE_MODULES = YES;
				CLANG_ENABLE_OBJC_ARC = YES;
				CLANG_ENABLE_OBJC_WEAK = YES;
				CLANG_WARN_BLOCK_CAPTURE_AUTORELEASING = YES;
				CLANG_WARN_BOOL_CONVERSION = YES;
				CLANG_WARN_COMMA = YES;
				CLANG_WARN_CONSTANT_CONVERSION = YES;
				CLANG_WARN_DEPRECATED_OBJC_IMPLEMENTATIONS = YES;
				CLANG_WARN_DIRECT_OBJC_ISA_USAGE = YES_ERROR;
				CLANG_WARN_DOCUMENTATION_COMMENTS = YES;
				CLANG_WARN_EMPTY_BODY = YES;
				CLANG_WARN_ENUM_CONVERSION = YES;
				CLANG_WARN_INFINITE_RECURSION = YES;
				CLANG_WARN_INT_CONVERSION = YES;
				CLANG_WARN_NON_LITERAL_NULL_CONVERSION = YES;
				CLANG_WARN_OBJC_IMPLICIT_RETAIN_SELF = YES;
				CLANG_WARN_OBJC_LITERAL_CONVERSION = YES;
				CLANG_WARN_OBJC_ROOT_CLASS = YES_ERROR;
				CLANG_WARN_QUOTED_INCLUDE_IN_FRAMEWORK_HEADER = YES;
				CLANG_WARN_RANGE_LOOP_ANALYSIS = YES;
				CLANG_WARN_STRICT_PROTOTYPES = YES;
				CLANG_WARN_SUSPICIOUS_MOVE = YES;
				CLANG_WARN_UNGUARDED_AVAILABILITY = YES_AGGRESSIVE;
				CLANG_WARN_UNREACHABLE_CODE = YES;
				CLANG_WARN__DUPLICATE_METHOD_MATCH = YES;
				COPY_PHASE_STRIP = NO;
				DEBUG_INFORMATION_FORMAT = dwarf;
				DEVELOPMENT_TEAM = 68R77L7WB2;
				ENABLE_STRICT_OBJC_MSGSEND = YES;
				ENABLE_TESTABILITY = YES;
				ENABLE_USER_SCRIPT_SANDBOXING = YES;
				GCC_C_LANGUAGE_STANDARD = gnu17;
				GCC_DYNAMIC_NO_PIC = NO;
				GCC_NO_COMMON_BLOCKS = YES;
				GCC_OPTIMIZATION_LEVEL = 0;
				GCC_PREPROCESSOR_DEFINITIONS = (
					"DEBUG=1",
					"$(inherited)",
				);
				GCC_WARN_64_TO_32_BIT_CONVERSION = YES;
				GCC_WARN_ABOUT_RETURN_TYPE = YES_ERROR;
				GCC_WARN_UNDECLARED_SELECTOR = YES;
				GCC_WARN_UNINITIALIZED_AUTOS = YES_AGGRESSIVE;
				GCC_WARN_UNUSED_FUNCTION = YES;
				GCC_WARN_UNUSED_VARIABLE = YES;
				LOCALIZATION_PREFERS_STRING_CATALOGS = YES;
				MTL_ENABLE_DEBUG_INFO = INCLUDE_SOURCE;
				MTL_FAST_MATH = YES;
				ONLY_ACTIVE_ARCH = YES;
				SWIFT_ACTIVE_COMPILATION_CONDITIONS = "DEBUG $(inherited)";
				SWIFT_OPTIMIZATION_LEVEL = "-Onone";
			};
			name = Debug;
		};
		28AA1A6230713DB70055CD8C /* Release configuration for PBXProject "Jejak" */ = {
			isa = XCBuildConfiguration;
			buildSettings = {
				ALWAYS_SEARCH_USER_PATHS = NO;
				ASSETCATALOG_COMPILER_GENERATE_SWIFT_ASSET_SYMBOL_EXTENSIONS = YES;
				CLANG_ANALYZER_NONNULL = YES;
				CLANG_ANALYZER_NUMBER_OBJECT_CONVERSION = YES_AGGRESSIVE;
				CLANG_CXX_LANGUAGE_STANDARD = "gnu++20";
				CLANG_ENABLE_MODULES = YES;
				CLANG_ENABLE_OBJC_ARC = YES;
				CLANG_ENABLE_OBJC_WEAK = YES;
				CLANG_WARN_BLOCK_CAPTURE_AUTORELEASING = YES;
				CLANG_WARN_BOOL_CONVERSION = YES;
				CLANG_WARN_COMMA = YES;
				CLANG_WARN_CONSTANT_CONVERSION = YES;
				CLANG_WARN_DEPRECATED_OBJC_IMPLEMENTATIONS = YES;
				CLANG_WARN_DIRECT_OBJC_ISA_USAGE = YES_ERROR;
				CLANG_WARN_DOCUMENTATION_COMMENTS = YES;
				CLANG_WARN_EMPTY_BODY = YES;
				CLANG_WARN_ENUM_CONVERSION = YES;
				CLANG_WARN_INFINITE_RECURSION = YES;
				CLANG_WARN_INT_CONVERSION = YES;
				CLANG_WARN_NON_LITERAL_NULL_CONVERSION = YES;
				CLANG_WARN_OBJC_IMPLICIT_RETAIN_SELF = YES;
				CLANG_WARN_OBJC_LITERAL_CONVERSION = YES;
				CLANG_WARN_OBJC_ROOT_CLASS = YES_ERROR;
				CLANG_WARN_QUOTED_INCLUDE_IN_FRAMEWORK_HEADER = YES;
				CLANG_WARN_RANGE_LOOP_ANALYSIS = YES;
				CLANG_WARN_STRICT_PROTOTYPES = YES;
				CLANG_WARN_SUSPICIOUS_MOVE = YES;
				CLANG_WARN_UNGUARDED_AVAILABILITY = YES_AGGRESSIVE;
				CLANG_WARN_UNREACHABLE_CODE = YES;
				CLANG_WARN__DUPLICATE_METHOD_MATCH = YES;
				COPY_PHASE_STRIP = NO;
				DEBUG_INFORMATION_FORMAT = "dwarf-with-dsym";
				DEVELOPMENT_TEAM = 68R77L7WB2;
				ENABLE_NS_ASSERTIONS = NO;
				ENABLE_STRICT_OBJC_MSGSEND = YES;
				ENABLE_USER_SCRIPT_SANDBOXING = YES;
				GCC_C_LANGUAGE_STANDARD = gnu17;
				GCC_NO_COMMON_BLOCKS = YES;
				GCC_WARN_64_TO_32_BIT_CONVERSION = YES;
				GCC_WARN_ABOUT_RETURN_TYPE = YES_ERROR;
				GCC_WARN_UNDECLARED_SELECTOR = YES;
				GCC_WARN_UNINITIALIZED_AUTOS = YES_AGGRESSIVE;
				GCC_WARN_UNUSED_FUNCTION = YES;
				GCC_WARN_UNUSED_VARIABLE = YES;
				LOCALIZATION_PREFERS_STRING_CATALOGS = YES;
				MTL_ENABLE_DEBUG_INFO = NO;
				MTL_FAST_MATH = YES;
				SWIFT_COMPILATION_MODE = wholemodule;
			};
			name = Release;
		};
		28AA1A6430713DB70055CD8C /* Debug configuration for PBXNativeTarget "Jejak" */ = {
			isa = XCBuildConfiguration;
			buildSettings = {
				ASSETCATALOG_COMPILER_APPICON_NAME = AppIcon;
				ASSETCATALOG_COMPILER_GLOBAL_ACCENT_COLOR_NAME = AccentColor;
				CODE_SIGN_STYLE = Automatic;
				CURRENT_PROJECT_VERSION = 1;
				DEVELOPMENT_TEAM = 68R77L7WB2;
				ENABLE_PREVIEWS = YES;
				GENERATE_INFOPLIST_FILE = YES;
				INFOPLIST_FILE = Jejak/Info.plist;
				INFOPLIST_KEY_NSLocationWhenInUseUsageDescription = "Jejak memakai lokasimu untuk merekam rute, jarak, dan pace saat kamu lari atau jalan.";
				"INFOPLIST_KEY_UIApplicationSceneManifest_Generation[sdk=iphoneos*]" = YES;
				"INFOPLIST_KEY_UIApplicationSceneManifest_Generation[sdk=iphonesimulator*]" = YES;
				"INFOPLIST_KEY_UIApplicationSupportsIndirectInputEvents[sdk=iphoneos*]" = YES;
				"INFOPLIST_KEY_UIApplicationSupportsIndirectInputEvents[sdk=iphonesimulator*]" = YES;
				"INFOPLIST_KEY_UILaunchScreen_Generation[sdk=iphoneos*]" = YES;
				"INFOPLIST_KEY_UILaunchScreen_Generation[sdk=iphonesimulator*]" = YES;
				"INFOPLIST_KEY_UIStatusBarStyle[sdk=iphoneos*]" = UIStatusBarStyleDefault;
				"INFOPLIST_KEY_UIStatusBarStyle[sdk=iphonesimulator*]" = UIStatusBarStyleDefault;
				INFOPLIST_KEY_UISupportedInterfaceOrientations_iPad = "UIInterfaceOrientationPortrait UIInterfaceOrientationPortraitUpsideDown UIInterfaceOrientationLandscapeLeft UIInterfaceOrientationLandscapeRight";
				INFOPLIST_KEY_UISupportedInterfaceOrientations_iPhone = "UIInterfaceOrientationPortrait UIInterfaceOrientationLandscapeLeft UIInterfaceOrientationLandscapeRight";
				IPHONEOS_DEPLOYMENT_TARGET = 17.0;
				LD_RUNPATH_SEARCH_PATHS = "@executable_path/Frameworks";
				MARKETING_VERSION = 1.0;
				PRODUCT_BUNDLE_IDENTIFIER = com.muhAzri.Jejak;
				PRODUCT_NAME = "$(TARGET_NAME)";
				SDKROOT = iphoneos;
				STRING_CATALOG_GENERATE_SYMBOLS = YES;
				SUPPORTED_PLATFORMS = "iphoneos iphonesimulator";
				SWIFT_APPROACHABLE_CONCURRENCY = YES;
				SWIFT_EMIT_LOC_STRINGS = YES;
				SWIFT_UPCOMING_FEATURE_MEMBER_IMPORT_VISIBILITY = YES;
				SWIFT_VERSION = 5.0;
				TARGETED_DEVICE_FAMILY = "1,2";
			};
			name = Debug;
		};
		28AA1A6530713DB70055CD8C /* Release configuration for PBXNativeTarget "Jejak" */ = {
			isa = XCBuildConfiguration;
			buildSettings = {
				ASSETCATALOG_COMPILER_APPICON_NAME = AppIcon;
				ASSETCATALOG_COMPILER_GLOBAL_ACCENT_COLOR_NAME = AccentColor;
				CODE_SIGN_STYLE = Automatic;
				CURRENT_PROJECT_VERSION = 1;
				DEVELOPMENT_TEAM = 68R77L7WB2;
				ENABLE_PREVIEWS = YES;
				GENERATE_INFOPLIST_FILE = YES;
				INFOPLIST_FILE = Jejak/Info.plist;
				INFOPLIST_KEY_NSLocationWhenInUseUsageDescription = "Jejak memakai lokasimu untuk merekam rute, jarak, dan pace saat kamu lari atau jalan.";
				"INFOPLIST_KEY_UIApplicationSceneManifest_Generation[sdk=iphoneos*]" = YES;
				"INFOPLIST_KEY_UIApplicationSceneManifest_Generation[sdk=iphonesimulator*]" = YES;
				"INFOPLIST_KEY_UIApplicationSupportsIndirectInputEvents[sdk=iphoneos*]" = YES;
				"INFOPLIST_KEY_UIApplicationSupportsIndirectInputEvents[sdk=iphonesimulator*]" = YES;
				"INFOPLIST_KEY_UILaunchScreen_Generation[sdk=iphoneos*]" = YES;
				"INFOPLIST_KEY_UILaunchScreen_Generation[sdk=iphonesimulator*]" = YES;
				"INFOPLIST_KEY_UIStatusBarStyle[sdk=iphoneos*]" = UIStatusBarStyleDefault;
				"INFOPLIST_KEY_UIStatusBarStyle[sdk=iphonesimulator*]" = UIStatusBarStyleDefault;
				INFOPLIST_KEY_UISupportedInterfaceOrientations_iPad = "UIInterfaceOrientationPortrait UIInterfaceOrientationPortraitUpsideDown UIInterfaceOrientationLandscapeLeft UIInterfaceOrientationLandscapeRight";
				INFOPLIST_KEY_UISupportedInterfaceOrientations_iPhone = "UIInterfaceOrientationPortrait UIInterfaceOrientationLandscapeLeft UIInterfaceOrientationLandscapeRight";
				IPHONEOS_DEPLOYMENT_TARGET = 17.0;
				LD_RUNPATH_SEARCH_PATHS = "@executable_path/Frameworks";
				MARKETING_VERSION = 1.0;
				PRODUCT_BUNDLE_IDENTIFIER = com.muhAzri.Jejak;
				PRODUCT_NAME = "$(TARGET_NAME)";
				SDKROOT = iphoneos;
				STRING_CATALOG_GENERATE_SYMBOLS = YES;
				SUPPORTED_PLATFORMS = "iphoneos iphonesimulator";
				SWIFT_APPROACHABLE_CONCURRENCY = YES;
				SWIFT_EMIT_LOC_STRINGS = YES;
				SWIFT_UPCOMING_FEATURE_MEMBER_IMPORT_VISIBILITY = YES;
				SWIFT_VERSION = 5.0;
				TARGETED_DEVICE_FAMILY = "1,2";
			};
			name = Release;
		};
		28AA1A6730713DB70055CD8C /* Debug configuration for PBXNativeTarget "JejakTests" */ = {
			isa = XCBuildConfiguration;
			buildSettings = {
				BUNDLE_LOADER = "$(TEST_HOST)";
				CODE_SIGN_STYLE = Automatic;
				CURRENT_PROJECT_VERSION = 1;
				DEVELOPMENT_TEAM = 68R77L7WB2;
				GENERATE_INFOPLIST_FILE = YES;
				IPHONEOS_DEPLOYMENT_TARGET = 17.0;
				MARKETING_VERSION = 1.0;
				PRODUCT_BUNDLE_IDENTIFIER = com.muhAzri.JejakTests;
				PRODUCT_NAME = "$(TARGET_NAME)";
				SDKROOT = iphoneos;
				STRING_CATALOG_GENERATE_SYMBOLS = NO;
				SUPPORTED_PLATFORMS = "iphoneos iphonesimulator";
				SWIFT_APPROACHABLE_CONCURRENCY = YES;
				SWIFT_EMIT_LOC_STRINGS = NO;
				SWIFT_UPCOMING_FEATURE_MEMBER_IMPORT_VISIBILITY = YES;
				SWIFT_VERSION = 5.0;
				TARGETED_DEVICE_FAMILY = "1,2";
				TEST_HOST = "$(BUILT_PRODUCTS_DIR)/Jejak.app/$(BUNDLE_EXECUTABLE_FOLDER_PATH)/Jejak";
			};
			name = Debug;
		};
		28AA1A6830713DB70055CD8C /* Release configuration for PBXNativeTarget "JejakTests" */ = {
			isa = XCBuildConfiguration;
			buildSettings = {
				BUNDLE_LOADER = "$(TEST_HOST)";
				CODE_SIGN_STYLE = Automatic;
				CURRENT_PROJECT_VERSION = 1;
				DEVELOPMENT_TEAM = 68R77L7WB2;
				GENERATE_INFOPLIST_FILE = YES;
				IPHONEOS_DEPLOYMENT_TARGET = 17.0;
				MARKETING_VERSION = 1.0;
				PRODUCT_BUNDLE_IDENTIFIER = com.muhAzri.JejakTests;
				PRODUCT_NAME = "$(TARGET_NAME)";
				SDKROOT = iphoneos;
				STRING_CATALOG_GENERATE_SYMBOLS = NO;
				SUPPORTED_PLATFORMS = "iphoneos iphonesimulator";
				SWIFT_APPROACHABLE_CONCURRENCY = YES;
				SWIFT_EMIT_LOC_STRINGS = NO;
				SWIFT_UPCOMING_FEATURE_MEMBER_IMPORT_VISIBILITY = YES;
				SWIFT_VERSION = 5.0;
				TARGETED_DEVICE_FAMILY = "1,2";
				TEST_HOST = "$(BUILT_PRODUCTS_DIR)/Jejak.app/$(BUNDLE_EXECUTABLE_FOLDER_PATH)/Jejak";
			};
			name = Release;
		};
		28AA1A6A30713DB70055CD8C /* Debug configuration for PBXNativeTarget "JejakUITests" */ = {
			isa = XCBuildConfiguration;
			buildSettings = {
				CODE_SIGN_STYLE = Automatic;
				CURRENT_PROJECT_VERSION = 1;
				DEVELOPMENT_TEAM = 68R77L7WB2;
				GENERATE_INFOPLIST_FILE = YES;
				IPHONEOS_DEPLOYMENT_TARGET = 17.0;
				MARKETING_VERSION = 1.0;
				PRODUCT_BUNDLE_IDENTIFIER = com.muhAzri.JejakUITests;
				PRODUCT_NAME = "$(TARGET_NAME)";
				SDKROOT = iphoneos;
				STRING_CATALOG_GENERATE_SYMBOLS = NO;
				SUPPORTED_PLATFORMS = "iphoneos iphonesimulator";
				SWIFT_APPROACHABLE_CONCURRENCY = YES;
				SWIFT_EMIT_LOC_STRINGS = NO;
				SWIFT_UPCOMING_FEATURE_MEMBER_IMPORT_VISIBILITY = YES;
				SWIFT_VERSION = 5.0;
				TARGETED_DEVICE_FAMILY = "1,2";
				TEST_TARGET_NAME = Jejak;
			};
			name = Debug;
		};
		28AA1A6B30713DB70055CD8C /* Release configuration for PBXNativeTarget "JejakUITests" */ = {
			isa = XCBuildConfiguration;
			buildSettings = {
				CODE_SIGN_STYLE = Automatic;
				CURRENT_PROJECT_VERSION = 1;
				DEVELOPMENT_TEAM = 68R77L7WB2;
				GENERATE_INFOPLIST_FILE = YES;
				IPHONEOS_DEPLOYMENT_TARGET = 17.0;
				MARKETING_VERSION = 1.0;
				PRODUCT_BUNDLE_IDENTIFIER = com.muhAzri.JejakUITests;
				PRODUCT_NAME = "$(TARGET_NAME)";
				SDKROOT = iphoneos;
				STRING_CATALOG_GENERATE_SYMBOLS = NO;
				SUPPORTED_PLATFORMS = "iphoneos iphonesimulator";
				SWIFT_APPROACHABLE_CONCURRENCY = YES;
				SWIFT_EMIT_LOC_STRINGS = NO;
				SWIFT_UPCOMING_FEATURE_MEMBER_IMPORT_VISIBILITY = YES;
				SWIFT_VERSION = 5.0;
				TARGETED_DEVICE_FAMILY = "1,2";
				TEST_TARGET_NAME = Jejak;
			};
			name = Release;
		};
/* End XCBuildConfiguration section */

/* Begin XCConfigurationList section */
		28AA1A3F30713DB60055CD8C /* Build configuration list for PBXProject "Jejak" */ = {
			isa = XCConfigurationList;
			buildConfigurations = (
				28AA1A6130713DB70055CD8C /* Debug configuration for PBXProject "Jejak" */,
				28AA1A6230713DB70055CD8C /* Release configuration for PBXProject "Jejak" */,
			);
			defaultConfigurationName = Release;
		};
		28AA1A6330713DB70055CD8C /* Build configuration list for PBXNativeTarget "Jejak" */ = {
			isa = XCConfigurationList;
			buildConfigurations = (
				28AA1A6430713DB70055CD8C /* Debug configuration for PBXNativeTarget "Jejak" */,
				28AA1A6530713DB70055CD8C /* Release configuration for PBXNativeTarget "Jejak" */,
			);
			defaultConfigurationName = Release;
		};
		28AA1A6630713DB70055CD8C /* Build configuration list for PBXNativeTarget "JejakTests" */ = {
			isa = XCConfigurationList;
			buildConfigurations = (
				28AA1A6730713DB70055CD8C /* Debug configuration for PBXNativeTarget "JejakTests" */,
				28AA1A6830713DB70055CD8C /* Release configuration for PBXNativeTarget "JejakTests" */,
			);
			defaultConfigurationName = Release;
		};
		28AA1A6930713DB70055CD8C /* Build configuration list for PBXNativeTarget "JejakUITests" */ = {
			isa = XCConfigurationList;
			buildConfigurations = (
				28AA1A6A30713DB70055CD8C /* Debug configuration for PBXNativeTarget "JejakUITests" */,
				28AA1A6B30713DB70055CD8C /* Release configuration for PBXNativeTarget "JejakUITests" */,
			);
			defaultConfigurationName = Release;
		};
/* End XCConfigurationList section */

/* Begin XCRemoteSwiftPackageReference section */
		28AA1A6F30713DB70055CD8C /* XCRemoteSwiftPackageReference "Swinject" */ = {
			isa = XCRemoteSwiftPackageReference;
			repositoryURL = "https://github.com/Swinject/Swinject.git";
			requirement = {
				kind = upToNextMajorVersion;
				minimumVersion = 2.10.0;
			};
		};
/* End XCRemoteSwiftPackageReference section */

/* Begin XCSwiftPackageProductDependency section */
		28AA1A7030713DB70055CD8C /* Swinject */ = {
			isa = XCSwiftPackageProductDependency;
			package = 28AA1A6F30713DB70055CD8C /* XCRemoteSwiftPackageReference "Swinject" */;
			productName = Swinject;
		};
/* End XCSwiftPackageProductDependency section */
	};
	rootObject = 28AA1A3C30713DB60055CD8C /* Project object */;
	validationLevel = 1;
}
